
Microsoft Visual Studio Solution File, Format Version 12.00
# Visual Studio Version 17
VisualStudioVersion = 17.2.32519.379
MinimumVisualStudioVersion = 10.0.40219.1
Project("{FAE04EC0-301F-11D3-BF4B-00C04F79EFBC}") = "pryTrabajoPracticoRebori", "pryTrabajoPracticoRebori\pryTrabajoPracticoRebori.csproj", "{434B482C-D2D3-4191-87AE-384C15889D4E}"
EndProject
Global
	GlobalSection(SolutionConfigurationPlatforms) = preSolution
		Debug|Any CPU = Debug|Any CPU
		Release|Any CPU = Release|Any CPU
	EndGlobalSection
	GlobalSection(ProjectConfigurationPlatforms) = postSolution
		{434B482C-D2D3-4191-87AE-384C15889D4E}.Debug|Any CPU.ActiveCfg = Debug|Any CPU
		{434B482C-D2D3-4191-87AE-384C15889D4E}.Debug|Any CPU.Build.0 = Debug|Any CPU
		{434B482C-D2D3-4191-87AE-384C15889D4E}.Release|Any CPU.ActiveCfg = Release|Any CPU
		{434B482C-D2D3-4191-87AE-384C15889D4E}.Release|Any CPU.Build.0 = Release|Any CPU
	EndGlobalSection
	GlobalSection(SolutionProperties) = preSolution
		HideSolutionNode = FALSE
	EndGlobalSection
	GlobalSection(ExtensibilityGlobals) = postSolution
		SolutionGuid = {80034AF6-262B-4A5C-97E2-8B08CC5DFAA5}
	EndGlobalSection
EndGlobal
